
Microsoft Visual Studio Solution File, Format Version 12.00
# Visual Studio Version 16
VisualStudioVersion = 16.0.32228.343
MinimumVisualStudioVersion = 10.0.40219.1
Project("{FAE04EC0-301F-11D3-BF4B-00C04F79EFBC}") = "Static classes - members.", "..\Static classes - members\Static classes - members\Static classes - members..csproj", "{14000238-FB6A-4E28-AA6D-37F0080BDF7C}"
EndProject
Global
	GlobalSection(SolutionConfigurationPlatforms) = preSolution
		Debug|Any CPU = Debug|Any CPU
		Release|Any CPU = Release|Any CPU
	EndGlobalSection
	GlobalSection(ProjectConfigurationPlatforms) = postSolution
		{14000238-FB6A-4E28-AA6D-37F0080BDF7C}.Debug|Any CPU.ActiveCfg = Debug|Any CPU
		{14000238-FB6A-4E28-AA6D-37F0080BDF7C}.Debug|Any CPU.Build.0 = Debug|Any CPU
		{14000238-FB6A-4E28-AA6D-37F0080BDF7C}.Release|Any CPU.ActiveCfg = Release|Any CPU
		{14000238-FB6A-4E28-AA6D-37F0080BDF7C}.Release|Any CPU.Build.0 = Release|Any CPU
	EndGlobalSection
	GlobalSection(SolutionProperties) = preSolution
		HideSolutionNode = FALSE
	EndGlobalSection
	GlobalSection(ExtensibilityGlobals) = postSolution
		SolutionGuid = {B2FA6C0B-0D1A-4A14-B152-B92849271995}
	EndGlobalSection
EndGlobal
